
Microsoft Visual Studio Solution File, Format Version 12.00
# Visual Studio Version 17
VisualStudioVersion = 17.5.33530.505
MinimumVisualStudioVersion = 10.0.40219.1
Project("{FAE04EC0-301F-11D3-BF4B-00C04F79EFBC}") = "MaiorNúmero[WHILE]", "MaiorNúmero[WHILE]\MaiorNúmero[WHILE].csproj", "{8BCC89FE-BB6E-46E7-A56D-F8C16FB1BEE9}"
EndProject
Global
	GlobalSection(SolutionConfigurationPlatforms) = preSolution
		Debug|Any CPU = Debug|Any CPU
		Release|Any CPU = Release|Any CPU
	EndGlobalSection
	GlobalSection(ProjectConfigurationPlatforms) = postSolution
		{8BCC89FE-BB6E-46E7-A56D-F8C16FB1BEE9}.Debug|Any CPU.ActiveCfg = Debug|Any CPU
		{8BCC89FE-BB6E-46E7-A56D-F8C16FB1BEE9}.Debug|Any CPU.Build.0 = Debug|Any CPU
		{8BCC89FE-BB6E-46E7-A56D-F8C16FB1BEE9}.Release|Any CPU.ActiveCfg = Release|Any CPU
		{8BCC89FE-BB6E-46E7-A56D-F8C16FB1BEE9}.Release|Any CPU.Build.0 = Release|Any CPU
	EndGlobalSection
	GlobalSection(SolutionProperties) = preSolution
		HideSolutionNode = FALSE
	EndGlobalSection
	GlobalSection(ExtensibilityGlobals) = postSolution
		SolutionGuid = {942346E2-0283-4617-A00D-44ECC203552E}
	EndGlobalSection
EndGlobal
