
Microsoft Visual Studio Solution File, Format Version 12.00
# Visual Studio Version 17
VisualStudioVersion = 17.4.33213.308
MinimumVisualStudioVersion = 10.0.40219.1
Project("{FAE04EC0-301F-11D3-BF4B-00C04F79EFBC}") = "Fatorial", "Fatorial\Fatorial.csproj", "{13C5B9C7-A618-469F-8A4B-8867E0FDCDD6}"
EndProject
Global
	GlobalSection(SolutionConfigurationPlatforms) = preSolution
		Debug|Any CPU = Debug|Any CPU
		Release|Any CPU = Release|Any CPU
	EndGlobalSection
	GlobalSection(ProjectConfigurationPlatforms) = postSolution
		{13C5B9C7-A618-469F-8A4B-8867E0FDCDD6}.Debug|Any CPU.ActiveCfg = Debug|Any CPU
		{13C5B9C7-A618-469F-8A4B-8867E0FDCDD6}.Debug|Any CPU.Build.0 = Debug|Any CPU
		{13C5B9C7-A618-469F-8A4B-8867E0FDCDD6}.Release|Any CPU.ActiveCfg = Release|Any CPU
		{13C5B9C7-A618-469F-8A4B-8867E0FDCDD6}.Release|Any CPU.Build.0 = Release|Any CPU
	EndGlobalSection
	GlobalSection(SolutionProperties) = preSolution
		HideSolutionNode = FALSE
	EndGlobalSection
	GlobalSection(ExtensibilityGlobals) = postSolution
		SolutionGuid = {5957C8F5-709A-45B2-9DC5-0C28A302C204}
	EndGlobalSection
EndGlobal
