
Microsoft Visual Studio Solution File, Format Version 12.00
# Visual Studio Version 17
VisualStudioVersion = 17.4.33213.308
MinimumVisualStudioVersion = 10.0.40219.1
Project("{9A19103F-16F7-4668-BE54-9A1E7A4F7556}") = "Adivinha o Número", "Jogo\Adivinha o Número.csproj", "{51FFD8C8-C0E9-4780-852F-CD3F401C6373}"
EndProject
Global
	GlobalSection(SolutionConfigurationPlatforms) = preSolution
		Debug|Any CPU = Debug|Any CPU
		Release|Any CPU = Release|Any CPU
	EndGlobalSection
	GlobalSection(ProjectConfigurationPlatforms) = postSolution
		{51FFD8C8-C0E9-4780-852F-CD3F401C6373}.Debug|Any CPU.ActiveCfg = Debug|Any CPU
		{51FFD8C8-C0E9-4780-852F-CD3F401C6373}.Debug|Any CPU.Build.0 = Debug|Any CPU
		{51FFD8C8-C0E9-4780-852F-CD3F401C6373}.Release|Any CPU.ActiveCfg = Release|Any CPU
		{51FFD8C8-C0E9-4780-852F-CD3F401C6373}.Release|Any CPU.Build.0 = Release|Any CPU
	EndGlobalSection
	GlobalSection(SolutionProperties) = preSolution
		HideSolutionNode = FALSE
	EndGlobalSection
	GlobalSection(ExtensibilityGlobals) = postSolution
		SolutionGuid = {9B85BBC6-D156-4E45-963D-188733022D58}
	EndGlobalSection
EndGlobal
