
Microsoft Visual Studio Solution File, Format Version 12.00
# Visual Studio Version 17
VisualStudioVersion = 17.4.33213.308
MinimumVisualStudioVersion = 10.0.40219.1
Project("{FAE04EC0-301F-11D3-BF4B-00C04F79EFBC}") = "JogoMemória", "JogoMemória\JogoMemória.csproj", "{4AA02408-CB84-4ED8-93C3-738E779819DF}"
EndProject
Global
	GlobalSection(SolutionConfigurationPlatforms) = preSolution
		Debug|Any CPU = Debug|Any CPU
		Release|Any CPU = Release|Any CPU
	EndGlobalSection
	GlobalSection(ProjectConfigurationPlatforms) = postSolution
		{4AA02408-CB84-4ED8-93C3-738E779819DF}.Debug|Any CPU.ActiveCfg = Debug|Any CPU
		{4AA02408-CB84-4ED8-93C3-738E779819DF}.Debug|Any CPU.Build.0 = Debug|Any CPU
		{4AA02408-CB84-4ED8-93C3-738E779819DF}.Release|Any CPU.ActiveCfg = Release|Any CPU
		{4AA02408-CB84-4ED8-93C3-738E779819DF}.Release|Any CPU.Build.0 = Release|Any CPU
	EndGlobalSection
	GlobalSection(SolutionProperties) = preSolution
		HideSolutionNode = FALSE
	EndGlobalSection
	GlobalSection(ExtensibilityGlobals) = postSolution
		SolutionGuid = {D8134E1A-EDAE-455D-BB4C-DDFFE3316B00}
	EndGlobalSection
EndGlobal
