
Microsoft Visual Studio Solution File, Format Version 12.00
# Visual Studio Version 17
VisualStudioVersion = 17.4.33213.308
MinimumVisualStudioVersion = 10.0.40219.1
Project("{FAE04EC0-301F-11D3-BF4B-00C04F79EFBC}") = "ExercicioNumeroMaior", "ExercicioNumeroMaior\ExercicioNumeroMaior.csproj", "{144D3F11-AB44-4107-A5BA-8853DA0E378E}"
EndProject
Global
	GlobalSection(SolutionConfigurationPlatforms) = preSolution
		Debug|Any CPU = Debug|Any CPU
		Release|Any CPU = Release|Any CPU
	EndGlobalSection
	GlobalSection(ProjectConfigurationPlatforms) = postSolution
		{144D3F11-AB44-4107-A5BA-8853DA0E378E}.Debug|Any CPU.ActiveCfg = Debug|Any CPU
		{144D3F11-AB44-4107-A5BA-8853DA0E378E}.Debug|Any CPU.Build.0 = Debug|Any CPU
		{144D3F11-AB44-4107-A5BA-8853DA0E378E}.Release|Any CPU.ActiveCfg = Release|Any CPU
		{144D3F11-AB44-4107-A5BA-8853DA0E378E}.Release|Any CPU.Build.0 = Release|Any CPU
	EndGlobalSection
	GlobalSection(SolutionProperties) = preSolution
		HideSolutionNode = FALSE
	EndGlobalSection
	GlobalSection(ExtensibilityGlobals) = postSolution
		SolutionGuid = {C9AAE1D0-3D48-42C1-AE28-A4E92BE39C4E}
	EndGlobalSection
EndGlobal
