
Microsoft Visual Studio Solution File, Format Version 12.00
# Visual Studio Version 17
VisualStudioVersion = 17.4.33213.308
MinimumVisualStudioVersion = 10.0.40219.1
Project("{FAE04EC0-301F-11D3-BF4B-00C04F79EFBC}") = "ExercicioNumeroDiasDeMês", "ExercicioNumeroDiasDeMês\ExercicioNumeroDiasDeMês.csproj", "{848817B5-6B23-4ED6-80BF-464977C1FDFE}"
EndProject
Global
	GlobalSection(SolutionConfigurationPlatforms) = preSolution
		Debug|Any CPU = Debug|Any CPU
		Release|Any CPU = Release|Any CPU
	EndGlobalSection
	GlobalSection(ProjectConfigurationPlatforms) = postSolution
		{848817B5-6B23-4ED6-80BF-464977C1FDFE}.Debug|Any CPU.ActiveCfg = Debug|Any CPU
		{848817B5-6B23-4ED6-80BF-464977C1FDFE}.Debug|Any CPU.Build.0 = Debug|Any CPU
		{848817B5-6B23-4ED6-80BF-464977C1FDFE}.Release|Any CPU.ActiveCfg = Release|Any CPU
		{848817B5-6B23-4ED6-80BF-464977C1FDFE}.Release|Any CPU.Build.0 = Release|Any CPU
	EndGlobalSection
	GlobalSection(SolutionProperties) = preSolution
		HideSolutionNode = FALSE
	EndGlobalSection
	GlobalSection(ExtensibilityGlobals) = postSolution
		SolutionGuid = {E2702682-5BB3-44AB-A707-0F31532DF380}
	EndGlobalSection
EndGlobal
