
Microsoft Visual Studio Solution File, Format Version 12.00
# Visual Studio Version 17
VisualStudioVersion = 17.4.33213.308
MinimumVisualStudioVersion = 10.0.40219.1
Project("{FAE04EC0-301F-11D3-BF4B-00C04F79EFBC}") = "APPFuncionarios", "APPFuncionarios\APPFuncionarios.csproj", "{C20E5367-19AD-45B9-B394-A1692E9A97B8}"
EndProject
Global
	GlobalSection(SolutionConfigurationPlatforms) = preSolution
		Debug|Any CPU = Debug|Any CPU
		Release|Any CPU = Release|Any CPU
	EndGlobalSection
	GlobalSection(ProjectConfigurationPlatforms) = postSolution
		{C20E5367-19AD-45B9-B394-A1692E9A97B8}.Debug|Any CPU.ActiveCfg = Debug|Any CPU
		{C20E5367-19AD-45B9-B394-A1692E9A97B8}.Debug|Any CPU.Build.0 = Debug|Any CPU
		{C20E5367-19AD-45B9-B394-A1692E9A97B8}.Release|Any CPU.ActiveCfg = Release|Any CPU
		{C20E5367-19AD-45B9-B394-A1692E9A97B8}.Release|Any CPU.Build.0 = Release|Any CPU
	EndGlobalSection
	GlobalSection(SolutionProperties) = preSolution
		HideSolutionNode = FALSE
	EndGlobalSection
	GlobalSection(ExtensibilityGlobals) = postSolution
		SolutionGuid = {39DFA751-8EED-46AE-96DB-243F9353F443}
	EndGlobalSection
EndGlobal
