
Microsoft Visual Studio Solution File, Format Version 12.00
# Visual Studio Version 17
VisualStudioVersion = 17.4.33213.308
MinimumVisualStudioVersion = 10.0.40219.1
Project("{FAE04EC0-301F-11D3-BF4B-00C04F79EFBC}") = "ImparPar", "ImparPar\ImparPar.csproj", "{D05B739E-DE9C-4964-AAE6-6A5B81E33DDD}"
EndProject
Global
	GlobalSection(SolutionConfigurationPlatforms) = preSolution
		Debug|Any CPU = Debug|Any CPU
		Release|Any CPU = Release|Any CPU
	EndGlobalSection
	GlobalSection(ProjectConfigurationPlatforms) = postSolution
		{D05B739E-DE9C-4964-AAE6-6A5B81E33DDD}.Debug|Any CPU.ActiveCfg = Debug|Any CPU
		{D05B739E-DE9C-4964-AAE6-6A5B81E33DDD}.Debug|Any CPU.Build.0 = Debug|Any CPU
		{D05B739E-DE9C-4964-AAE6-6A5B81E33DDD}.Release|Any CPU.ActiveCfg = Release|Any CPU
		{D05B739E-DE9C-4964-AAE6-6A5B81E33DDD}.Release|Any CPU.Build.0 = Release|Any CPU
	EndGlobalSection
	GlobalSection(SolutionProperties) = preSolution
		HideSolutionNode = FALSE
	EndGlobalSection
	GlobalSection(ExtensibilityGlobals) = postSolution
		SolutionGuid = {D221BA59-A555-4792-8375-93FA2E6C0630}
	EndGlobalSection
EndGlobal
