
Microsoft Visual Studio Solution File, Format Version 12.00
# Visual Studio Version 17
VisualStudioVersion = 17.3.32901.215
MinimumVisualStudioVersion = 10.0.40219.1
Project("{FAE04EC0-301F-11D3-BF4B-00C04F79EFBC}") = "SomaNúmero[WHILE]", "SomaNúmero[WHILE]\SomaNúmero[WHILE].csproj", "{99CD2C9B-B0DF-463D-A8E7-BD5B7F2490FB}"
EndProject
Global
	GlobalSection(SolutionConfigurationPlatforms) = preSolution
		Debug|Any CPU = Debug|Any CPU
		Release|Any CPU = Release|Any CPU
	EndGlobalSection
	GlobalSection(ProjectConfigurationPlatforms) = postSolution
		{99CD2C9B-B0DF-463D-A8E7-BD5B7F2490FB}.Debug|Any CPU.ActiveCfg = Debug|Any CPU
		{99CD2C9B-B0DF-463D-A8E7-BD5B7F2490FB}.Debug|Any CPU.Build.0 = Debug|Any CPU
		{99CD2C9B-B0DF-463D-A8E7-BD5B7F2490FB}.Release|Any CPU.ActiveCfg = Release|Any CPU
		{99CD2C9B-B0DF-463D-A8E7-BD5B7F2490FB}.Release|Any CPU.Build.0 = Release|Any CPU
	EndGlobalSection
	GlobalSection(SolutionProperties) = preSolution
		HideSolutionNode = FALSE
	EndGlobalSection
	GlobalSection(ExtensibilityGlobals) = postSolution
		SolutionGuid = {2E05F336-D595-4A6C-A666-562327BA7DD4}
	EndGlobalSection
EndGlobal
