
Microsoft Visual Studio Solution File, Format Version 12.00
# Visual Studio Version 17
VisualStudioVersion = 17.4.33213.308
MinimumVisualStudioVersion = 10.0.40219.1
Project("{FAE04EC0-301F-11D3-BF4B-00C04F79EFBC}") = "DobragemPapel", "DobragemPapel\DobragemPapel.csproj", "{887AE2DF-2B6B-4304-87D5-5ED44B9548DB}"
EndProject
Global
	GlobalSection(SolutionConfigurationPlatforms) = preSolution
		Debug|Any CPU = Debug|Any CPU
		Release|Any CPU = Release|Any CPU
	EndGlobalSection
	GlobalSection(ProjectConfigurationPlatforms) = postSolution
		{887AE2DF-2B6B-4304-87D5-5ED44B9548DB}.Debug|Any CPU.ActiveCfg = Debug|Any CPU
		{887AE2DF-2B6B-4304-87D5-5ED44B9548DB}.Debug|Any CPU.Build.0 = Debug|Any CPU
		{887AE2DF-2B6B-4304-87D5-5ED44B9548DB}.Release|Any CPU.ActiveCfg = Release|Any CPU
		{887AE2DF-2B6B-4304-87D5-5ED44B9548DB}.Release|Any CPU.Build.0 = Release|Any CPU
	EndGlobalSection
	GlobalSection(SolutionProperties) = preSolution
		HideSolutionNode = FALSE
	EndGlobalSection
	GlobalSection(ExtensibilityGlobals) = postSolution
		SolutionGuid = {83D37271-6A20-4ED1-8E55-330D45D14006}
	EndGlobalSection
EndGlobal
