
Microsoft Visual Studio Solution File, Format Version 12.00
# Visual Studio Version 17
VisualStudioVersion = 17.3.32901.215
MinimumVisualStudioVersion = 10.0.40219.1
Project("{FAE04EC0-301F-11D3-BF4B-00C04F79EFBC}") = "Meses[SWITCH]", "Meses[SWITCH]\Meses[SWITCH].csproj", "{60CAEF5D-B4B7-407D-BFF9-3C47E73FBCF0}"
EndProject
Global
	GlobalSection(SolutionConfigurationPlatforms) = preSolution
		Debug|Any CPU = Debug|Any CPU
		Release|Any CPU = Release|Any CPU
	EndGlobalSection
	GlobalSection(ProjectConfigurationPlatforms) = postSolution
		{60CAEF5D-B4B7-407D-BFF9-3C47E73FBCF0}.Debug|Any CPU.ActiveCfg = Debug|Any CPU
		{60CAEF5D-B4B7-407D-BFF9-3C47E73FBCF0}.Debug|Any CPU.Build.0 = Debug|Any CPU
		{60CAEF5D-B4B7-407D-BFF9-3C47E73FBCF0}.Release|Any CPU.ActiveCfg = Release|Any CPU
		{60CAEF5D-B4B7-407D-BFF9-3C47E73FBCF0}.Release|Any CPU.Build.0 = Release|Any CPU
	EndGlobalSection
	GlobalSection(SolutionProperties) = preSolution
		HideSolutionNode = FALSE
	EndGlobalSection
	GlobalSection(ExtensibilityGlobals) = postSolution
		SolutionGuid = {913E73D9-19BD-4540-B981-96855D3972D9}
	EndGlobalSection
EndGlobal
