
Microsoft Visual Studio Solution File, Format Version 12.00
# Visual Studio Version 17
VisualStudioVersion = 17.4.33213.308
MinimumVisualStudioVersion = 10.0.40219.1
Project("{FAE04EC0-301F-11D3-BF4B-00C04F79EFBC}") = "GrãosTabuleiro", "GrãosTabuleiro\GrãosTabuleiro.csproj", "{9A236028-4D38-4727-A871-A3F607A632D1}"
EndProject
Global
	GlobalSection(SolutionConfigurationPlatforms) = preSolution
		Debug|Any CPU = Debug|Any CPU
		Release|Any CPU = Release|Any CPU
	EndGlobalSection
	GlobalSection(ProjectConfigurationPlatforms) = postSolution
		{9A236028-4D38-4727-A871-A3F607A632D1}.Debug|Any CPU.ActiveCfg = Debug|Any CPU
		{9A236028-4D38-4727-A871-A3F607A632D1}.Debug|Any CPU.Build.0 = Debug|Any CPU
		{9A236028-4D38-4727-A871-A3F607A632D1}.Release|Any CPU.ActiveCfg = Release|Any CPU
		{9A236028-4D38-4727-A871-A3F607A632D1}.Release|Any CPU.Build.0 = Release|Any CPU
	EndGlobalSection
	GlobalSection(SolutionProperties) = preSolution
		HideSolutionNode = FALSE
	EndGlobalSection
	GlobalSection(ExtensibilityGlobals) = postSolution
		SolutionGuid = {61F0F347-E4C3-4F20-9751-5DCE0059C376}
	EndGlobalSection
EndGlobal
