
Microsoft Visual Studio Solution File, Format Version 12.00
# Visual Studio Version 17
VisualStudioVersion = 17.4.33213.308
MinimumVisualStudioVersion = 10.0.40219.1
Project("{FAE04EC0-301F-11D3-BF4B-00C04F79EFBC}") = "1-10[WHILE]", "1-10[WHILE]\1-10[WHILE].csproj", "{0D9D8089-3BDB-43C8-858A-537D4FBBCB0E}"
EndProject
Global
	GlobalSection(SolutionConfigurationPlatforms) = preSolution
		Debug|Any CPU = Debug|Any CPU
		Release|Any CPU = Release|Any CPU
	EndGlobalSection
	GlobalSection(ProjectConfigurationPlatforms) = postSolution
		{0D9D8089-3BDB-43C8-858A-537D4FBBCB0E}.Debug|Any CPU.ActiveCfg = Debug|Any CPU
		{0D9D8089-3BDB-43C8-858A-537D4FBBCB0E}.Debug|Any CPU.Build.0 = Debug|Any CPU
		{0D9D8089-3BDB-43C8-858A-537D4FBBCB0E}.Release|Any CPU.ActiveCfg = Release|Any CPU
		{0D9D8089-3BDB-43C8-858A-537D4FBBCB0E}.Release|Any CPU.Build.0 = Release|Any CPU
	EndGlobalSection
	GlobalSection(SolutionProperties) = preSolution
		HideSolutionNode = FALSE
	EndGlobalSection
	GlobalSection(ExtensibilityGlobals) = postSolution
		SolutionGuid = {FBF985A9-7AC8-4E68-A261-B227617E3609}
	EndGlobalSection
EndGlobal
