
Microsoft Visual Studio Solution File, Format Version 12.00
# Visual Studio Version 17
VisualStudioVersion = 17.5.33530.505
MinimumVisualStudioVersion = 10.0.40219.1
Project("{FAE04EC0-301F-11D3-BF4B-00C04F79EFBC}") = "SomaCubos[FOR]", "SomaCubos[FOR]\SomaCubos[FOR].csproj", "{74FCCEF4-E2BB-45AE-82CF-54882ED80B5A}"
EndProject
Global
	GlobalSection(SolutionConfigurationPlatforms) = preSolution
		Debug|Any CPU = Debug|Any CPU
		Release|Any CPU = Release|Any CPU
	EndGlobalSection
	GlobalSection(ProjectConfigurationPlatforms) = postSolution
		{74FCCEF4-E2BB-45AE-82CF-54882ED80B5A}.Debug|Any CPU.ActiveCfg = Debug|Any CPU
		{74FCCEF4-E2BB-45AE-82CF-54882ED80B5A}.Debug|Any CPU.Build.0 = Debug|Any CPU
		{74FCCEF4-E2BB-45AE-82CF-54882ED80B5A}.Release|Any CPU.ActiveCfg = Release|Any CPU
		{74FCCEF4-E2BB-45AE-82CF-54882ED80B5A}.Release|Any CPU.Build.0 = Release|Any CPU
	EndGlobalSection
	GlobalSection(SolutionProperties) = preSolution
		HideSolutionNode = FALSE
	EndGlobalSection
	GlobalSection(ExtensibilityGlobals) = postSolution
		SolutionGuid = {DCB6078C-DFDF-4BE8-9E38-B0B0E286FBF2}
	EndGlobalSection
EndGlobal
