
Microsoft Visual Studio Solution File, Format Version 12.00
# Visual Studio Version 17
VisualStudioVersion = 17.1.32407.343
MinimumVisualStudioVersion = 10.0.40219.1
Project("{FAE04EC0-301F-11D3-BF4B-00C04F79EFBC}") = "Idade", "Idade\Idade.csproj", "{50D918CE-7CA1-41BD-8F39-A84972161772}"
EndProject
Global
	GlobalSection(SolutionConfigurationPlatforms) = preSolution
		Debug|Any CPU = Debug|Any CPU
		Release|Any CPU = Release|Any CPU
	EndGlobalSection
	GlobalSection(ProjectConfigurationPlatforms) = postSolution
		{50D918CE-7CA1-41BD-8F39-A84972161772}.Debug|Any CPU.ActiveCfg = Debug|Any CPU
		{50D918CE-7CA1-41BD-8F39-A84972161772}.Debug|Any CPU.Build.0 = Debug|Any CPU
		{50D918CE-7CA1-41BD-8F39-A84972161772}.Release|Any CPU.ActiveCfg = Release|Any CPU
		{50D918CE-7CA1-41BD-8F39-A84972161772}.Release|Any CPU.Build.0 = Release|Any CPU
	EndGlobalSection
	GlobalSection(SolutionProperties) = preSolution
		HideSolutionNode = FALSE
	EndGlobalSection
	GlobalSection(ExtensibilityGlobals) = postSolution
		SolutionGuid = {45D41142-1696-4B77-8985-ED15C3B348A6}
	EndGlobalSection
EndGlobal
